
Microsoft Visual Studio Solution File, Format Version 12.00
# Visual Studio Version 17
VisualStudioVersion = 17.7.34024.191
MinimumVisualStudioVersion = 10.0.40219.1
Project("{9A19103F-16F7-4668-BE54-9A1E7A4F7556}") = "AbstractFactory", "AbstractFactory\AbstractFactory.csproj", "{BCF112B4-590B-41A1-8305-D520665AA92A}"
EndProject
Project("{9A19103F-16F7-4668-BE54-9A1E7A4F7556}") = "BuilderExercise", "BuilderExercise\BuilderExercise.csproj", "{7E95039F-97B7-42AF-AA99-1FA96F655B7D}"
EndProject
Project("{9A19103F-16F7-4668-BE54-9A1E7A4F7556}") = "BuilderAssignment", "BuilderAssignment\BuilderAssignment.csproj", "{0E43ECED-FD28-4C23-99D3-516D6D415D4E}"
EndProject
Project("{FAE04EC0-301F-11D3-BF4B-00C04F79EFBC}") = "IteratorAndCompositeExercise", "IteratorAndCompositeExercise\IteratorAndCompositeExercise.csproj", "{1BC773E1-FC05-4064-8FA7-E28E2CEFED57}"
EndProject
Global
	GlobalSection(SolutionConfigurationPlatforms) = preSolution
		Debug|Any CPU = Debug|Any CPU
		Release|Any CPU = Release|Any CPU
	EndGlobalSection
	GlobalSection(ProjectConfigurationPlatforms) = postSolution
		{BCF112B4-590B-41A1-8305-D520665AA92A}.Debug|Any CPU.ActiveCfg = Debug|Any CPU
		{BCF112B4-590B-41A1-8305-D520665AA92A}.Debug|Any CPU.Build.0 = Debug|Any CPU
		{BCF112B4-590B-41A1-8305-D520665AA92A}.Release|Any CPU.ActiveCfg = Release|Any CPU
		{BCF112B4-590B-41A1-8305-D520665AA92A}.Release|Any CPU.Build.0 = Release|Any CPU
		{7E95039F-97B7-42AF-AA99-1FA96F655B7D}.Debug|Any CPU.ActiveCfg = Debug|Any CPU
		{7E95039F-97B7-42AF-AA99-1FA96F655B7D}.Debug|Any CPU.Build.0 = Debug|Any CPU
		{7E95039F-97B7-42AF-AA99-1FA96F655B7D}.Release|Any CPU.ActiveCfg = Release|Any CPU
		{7E95039F-97B7-42AF-AA99-1FA96F655B7D}.Release|Any CPU.Build.0 = Release|Any CPU
		{0E43ECED-FD28-4C23-99D3-516D6D415D4E}.Debug|Any CPU.ActiveCfg = Debug|Any CPU
		{0E43ECED-FD28-4C23-99D3-516D6D415D4E}.Debug|Any CPU.Build.0 = Debug|Any CPU
		{0E43ECED-FD28-4C23-99D3-516D6D415D4E}.Release|Any CPU.ActiveCfg = Release|Any CPU
		{0E43ECED-FD28-4C23-99D3-516D6D415D4E}.Release|Any CPU.Build.0 = Release|Any CPU
		{1BC773E1-FC05-4064-8FA7-E28E2CEFED57}.Debug|Any CPU.ActiveCfg = Debug|Any CPU
		{1BC773E1-FC05-4064-8FA7-E28E2CEFED57}.Debug|Any CPU.Build.0 = Debug|Any CPU
		{1BC773E1-FC05-4064-8FA7-E28E2CEFED57}.Release|Any CPU.ActiveCfg = Release|Any CPU
		{1BC773E1-FC05-4064-8FA7-E28E2CEFED57}.Release|Any CPU.Build.0 = Release|Any CPU
	EndGlobalSection
	GlobalSection(SolutionProperties) = preSolution
		HideSolutionNode = FALSE
	EndGlobalSection
	GlobalSection(ExtensibilityGlobals) = postSolution
		SolutionGuid = {18FD639A-1651-4AE5-944B-D6F3B4BD72EC}
	EndGlobalSection
EndGlobal
